
Microsoft Visual Studio Solution File, Format Version 12.00
# Visual Studio Version 17
VisualStudioVersion = 17.2.32408.312
MinimumVisualStudioVersion = 10.0.40219.1
Project("{8BC9CEB8-8B4A-11D0-8D11-00A0C91BC942}") = "2.3", "2.3\2.3.vcxproj", "{83D7975C-FA6C-4835-9B6D-D91CB08EA960}"
EndProject
Global
	GlobalSection(SolutionConfigurationPlatforms) = preSolution
		Debug|x64 = Debug|x64
		Debug|x86 = Debug|x86
		Release|x64 = Release|x64
		Release|x86 = Release|x86
	EndGlobalSection
	GlobalSection(ProjectConfigurationPlatforms) = postSolution
		{83D7975C-FA6C-4835-9B6D-D91CB08EA960}.Debug|x64.ActiveCfg = Debug|x64
		{83D7975C-FA6C-4835-9B6D-D91CB08EA960}.Debug|x64.Build.0 = Debug|x64
		{83D7975C-FA6C-4835-9B6D-D91CB08EA960}.Debug|x86.ActiveCfg = Debug|Win32
		{83D7975C-FA6C-4835-9B6D-D91CB08EA960}.Debug|x86.Build.0 = Debug|Win32
		{83D7975C-FA6C-4835-9B6D-D91CB08EA960}.Release|x64.ActiveCfg = Release|x64
		{83D7975C-FA6C-4835-9B6D-D91CB08EA960}.Release|x64.Build.0 = Release|x64
		{83D7975C-FA6C-4835-9B6D-D91CB08EA960}.Release|x86.ActiveCfg = Release|Win32
		{83D7975C-FA6C-4835-9B6D-D91CB08EA960}.Release|x86.Build.0 = Release|Win32
	EndGlobalSection
	GlobalSection(SolutionProperties) = preSolution
		HideSolutionNode = FALSE
	EndGlobalSection
	GlobalSection(ExtensibilityGlobals) = postSolution
		SolutionGuid = {AA0B6982-0C9E-4F4E-858A-E99B0B7489D7}
	EndGlobalSection
EndGlobal
